
Microsoft Visual Studio Solution File, Format Version 12.00
# Visual Studio 15
VisualStudioVersion = 15.0.28307.168
MinimumVisualStudioVersion = 10.0.40219.1
Project("{FAE04EC0-301F-11D3-BF4B-00C04F79EFBC}") = "TestNetFramework", "TestNetFramework\TestNetFramework.csproj", "{4AAE43D6-B72D-4F65-A442-F56A8207FB4C}"
EndProject
Project("{FAE04EC0-301F-11D3-BF4B-00C04F79EFBC}") = "DatabaseWrapper", "DatabaseWrapper\DatabaseWrapper.csproj", "{95C16D74-8F0A-421C-8F30-5DBDADD8A364}"
EndProject
Global
	GlobalSection(SolutionConfigurationPlatforms) = preSolution
		Debug|Any CPU = Debug|Any CPU
		Release|Any CPU = Release|Any CPU
	EndGlobalSection
	GlobalSection(ProjectConfigurationPlatforms) = postSolution
		{4AAE43D6-B72D-4F65-A442-F56A8207FB4C}.Debug|Any CPU.ActiveCfg = Debug|Any CPU
		{4AAE43D6-B72D-4F65-A442-F56A8207FB4C}.Debug|Any CPU.Build.0 = Debug|Any CPU
		{4AAE43D6-B72D-4F65-A442-F56A8207FB4C}.Release|Any CPU.ActiveCfg = Release|Any CPU
		{4AAE43D6-B72D-4F65-A442-F56A8207FB4C}.Release|Any CPU.Build.0 = Release|Any CPU
		{95C16D74-8F0A-421C-8F30-5DBDADD8A364}.Debug|Any CPU.ActiveCfg = Debug|Any CPU
		{95C16D74-8F0A-421C-8F30-5DBDADD8A364}.Debug|Any CPU.Build.0 = Debug|Any CPU
		{95C16D74-8F0A-421C-8F30-5DBDADD8A364}.Release|Any CPU.ActiveCfg = Release|Any CPU
		{95C16D74-8F0A-421C-8F30-5DBDADD8A364}.Release|Any CPU.Build.0 = Release|Any CPU
	EndGlobalSection
	GlobalSection(SolutionProperties) = preSolution
		HideSolutionNode = FALSE
	EndGlobalSection
	GlobalSection(ExtensibilityGlobals) = postSolution
		SolutionGuid = {A6A036FC-0A83-4F0A-9212-5C19B2DE9750}
	EndGlobalSection
EndGlobal
