
Microsoft Visual Studio Solution File, Format Version 12.00
# Visual Studio Version 17
VisualStudioVersion = 17.1.32328.378
MinimumVisualStudioVersion = 10.0.40219.1
Project("{9A19103F-16F7-4668-BE54-9A1E7A4F7556}") = "DatabaseWrapper", "DatabaseWrapper\DatabaseWrapper.csproj", "{95C16D74-8F0A-421C-8F30-5DBDADD8A364}"
EndProject
Project("{9A19103F-16F7-4668-BE54-9A1E7A4F7556}") = "DatabaseWrapper.Sqlite", "DatabaseWrapper.Sqlite\DatabaseWrapper.Sqlite.csproj", "{B73B2398-210A-4CE2-9642-4F05558F3C17}"
EndProject
Project("{9A19103F-16F7-4668-BE54-9A1E7A4F7556}") = "DatabaseWrapper.SqlServer", "DatabaseWrapper.SqlServer\DatabaseWrapper.SqlServer.csproj", "{7F15F798-E25D-435D-AE04-9BFF208B2246}"
EndProject
Project("{9A19103F-16F7-4668-BE54-9A1E7A4F7556}") = "DatabaseWrapper.Mysql", "DatabaseWrapper.Mysql\DatabaseWrapper.Mysql.csproj", "{F1230033-03BE-451C-8786-13E56D73F665}"
EndProject
Project("{9A19103F-16F7-4668-BE54-9A1E7A4F7556}") = "DatabaseWrapper.Postgresql", "DatabaseWrapper.Postgresql\DatabaseWrapper.Postgresql.csproj", "{DDCDF70A-7A8F-420E-B8FE-F56039A4BEAF}"
EndProject
Project("{9A19103F-16F7-4668-BE54-9A1E7A4F7556}") = "DatabaseWrapper.Core", "DatabaseWrapper.Core\DatabaseWrapper.Core.csproj", "{F78FFF28-C3E5-4D3D-90CF-14A9A47B6958}"
EndProject
Project("{9A19103F-16F7-4668-BE54-9A1E7A4F7556}") = "Test", "Test\Test.csproj", "{0963CA1B-0DD7-4AC2-9A98-73B8A8258A06}"
EndProject
Project("{9A19103F-16F7-4668-BE54-9A1E7A4F7556}") = "Test.DatabaseConsole", "Test.DatabaseConsole\Test.DatabaseConsole.csproj", "{E7595B6D-37F5-4B1F-B2B0-2CBF12EB872D}"
EndProject
Project("{9A19103F-16F7-4668-BE54-9A1E7A4F7556}") = "Test.Mysql", "Test.Mysql\Test.Mysql.csproj", "{D90D908B-BB94-45B2-B801-82F95C60337C}"
EndProject
Project("{9A19103F-16F7-4668-BE54-9A1E7A4F7556}") = "Test.NuGet", "Test.NuGet\Test.NuGet.csproj", "{BD8FEA20-8C4D-4645-BB28-8C80618FCD11}"
EndProject
Project("{9A19103F-16F7-4668-BE54-9A1E7A4F7556}") = "Test.Postgresql", "Test.Postgresql\Test.Postgresql.csproj", "{F3654C22-82BB-4A84-B378-265103D44900}"
EndProject
Project("{9A19103F-16F7-4668-BE54-9A1E7A4F7556}") = "Test.Sqlite", "Test.Sqlite\Test.Sqlite.csproj", "{EDB58091-8C6D-4835-9712-9B352CA22647}"
EndProject
Project("{9A19103F-16F7-4668-BE54-9A1E7A4F7556}") = "Test.SqlServer", "Test.SqlServer\Test.SqlServer.csproj", "{DDCAC74D-C2F3-442D-940A-75FA7B81B328}"
EndProject
Project("{9A19103F-16F7-4668-BE54-9A1E7A4F7556}") = "Test.Async", "Test.Async\Test.Async.csproj", "{0963CA1B-0DD7-4AC2-9A98-73B8A8258A07}"
EndProject
Project("{9A19103F-16F7-4668-BE54-9A1E7A4F7556}") = "Test.DatabaseConsoleAsync", "Test.DatabaseConsoleAsync\Test.DatabaseConsoleAsync.csproj", "{E7595B6D-37F5-4B1F-B2B0-2CBF12EB872E}"
EndProject
Project("{9A19103F-16F7-4668-BE54-9A1E7A4F7556}") = "Test.MysqlAsync", "Test.MysqlAsync\Test.MysqlAsync.csproj", "{D90D908B-BB94-45B2-B801-82F95C60337D}"
EndProject
Project("{9A19103F-16F7-4668-BE54-9A1E7A4F7556}") = "Test.NuGetAsync", "Test.NuGetAsync\Test.NuGetAsync.csproj", "{BD8FEA20-8C4D-4645-BB28-8C80618FCD12}"
EndProject
Project("{9A19103F-16F7-4668-BE54-9A1E7A4F7556}") = "Test.PostgresqlAsync", "Test.PostgresqlAsync\Test.PostgresqlAsync.csproj", "{F3654C22-82BB-4A84-B378-265103D44901}"
EndProject
Project("{9A19103F-16F7-4668-BE54-9A1E7A4F7556}") = "Test.SqliteAsync", "Test.SqliteAsync\Test.SqliteAsync.csproj", "{EDB58091-8C6D-4835-9712-9B352CA22648}"
EndProject
Project("{9A19103F-16F7-4668-BE54-9A1E7A4F7556}") = "Test.SqlServerAsync", "Test.SqlServerAsync\Test.SqlServerAsync.csproj", "{DDCAC74D-C2F3-442D-940A-75FA7B81B329}"
EndProject
Project("{9A19103F-16F7-4668-BE54-9A1E7A4F7556}") = "DatabaseWrapper.Oracle", "DatabaseWrapper.Oracle\DatabaseWrapper.Oracle.csproj", "{510D84C0-F8F9-4D01-A82F-81F9EB7F961C}"
EndProject
Project("{FAE04EC0-301F-11D3-BF4B-00C04F79EFBC}") = "Test.Oracle", "Test.Oracle\Test.Oracle.csproj", "{1DA521CE-105D-4E38-BCEE-B8BE2886583C}"
EndProject
Global
	GlobalSection(SolutionConfigurationPlatforms) = preSolution
		Debug|Any CPU = Debug|Any CPU
		Release|Any CPU = Release|Any CPU
	EndGlobalSection
	GlobalSection(ProjectConfigurationPlatforms) = postSolution
		{95C16D74-8F0A-421C-8F30-5DBDADD8A364}.Debug|Any CPU.ActiveCfg = Debug|Any CPU
		{95C16D74-8F0A-421C-8F30-5DBDADD8A364}.Debug|Any CPU.Build.0 = Debug|Any CPU
		{95C16D74-8F0A-421C-8F30-5DBDADD8A364}.Release|Any CPU.ActiveCfg = Release|Any CPU
		{95C16D74-8F0A-421C-8F30-5DBDADD8A364}.Release|Any CPU.Build.0 = Release|Any CPU
		{B73B2398-210A-4CE2-9642-4F05558F3C17}.Debug|Any CPU.ActiveCfg = Debug|Any CPU
		{B73B2398-210A-4CE2-9642-4F05558F3C17}.Debug|Any CPU.Build.0 = Debug|Any CPU
		{B73B2398-210A-4CE2-9642-4F05558F3C17}.Release|Any CPU.ActiveCfg = Release|Any CPU
		{B73B2398-210A-4CE2-9642-4F05558F3C17}.Release|Any CPU.Build.0 = Release|Any CPU
		{7F15F798-E25D-435D-AE04-9BFF208B2246}.Debug|Any CPU.ActiveCfg = Debug|Any CPU
		{7F15F798-E25D-435D-AE04-9BFF208B2246}.Debug|Any CPU.Build.0 = Debug|Any CPU
		{7F15F798-E25D-435D-AE04-9BFF208B2246}.Release|Any CPU.ActiveCfg = Release|Any CPU
		{7F15F798-E25D-435D-AE04-9BFF208B2246}.Release|Any CPU.Build.0 = Release|Any CPU
		{F1230033-03BE-451C-8786-13E56D73F665}.Debug|Any CPU.ActiveCfg = Debug|Any CPU
		{F1230033-03BE-451C-8786-13E56D73F665}.Debug|Any CPU.Build.0 = Debug|Any CPU
		{F1230033-03BE-451C-8786-13E56D73F665}.Release|Any CPU.ActiveCfg = Release|Any CPU
		{F1230033-03BE-451C-8786-13E56D73F665}.Release|Any CPU.Build.0 = Release|Any CPU
		{DDCDF70A-7A8F-420E-B8FE-F56039A4BEAF}.Debug|Any CPU.ActiveCfg = Debug|Any CPU
		{DDCDF70A-7A8F-420E-B8FE-F56039A4BEAF}.Debug|Any CPU.Build.0 = Debug|Any CPU
		{DDCDF70A-7A8F-420E-B8FE-F56039A4BEAF}.Release|Any CPU.ActiveCfg = Release|Any CPU
		{DDCDF70A-7A8F-420E-B8FE-F56039A4BEAF}.Release|Any CPU.Build.0 = Release|Any CPU
		{F78FFF28-C3E5-4D3D-90CF-14A9A47B6958}.Debug|Any CPU.ActiveCfg = Debug|Any CPU
		{F78FFF28-C3E5-4D3D-90CF-14A9A47B6958}.Debug|Any CPU.Build.0 = Debug|Any CPU
		{F78FFF28-C3E5-4D3D-90CF-14A9A47B6958}.Release|Any CPU.ActiveCfg = Release|Any CPU
		{F78FFF28-C3E5-4D3D-90CF-14A9A47B6958}.Release|Any CPU.Build.0 = Release|Any CPU
		{0963CA1B-0DD7-4AC2-9A98-73B8A8258A06}.Debug|Any CPU.ActiveCfg = Debug|Any CPU
		{0963CA1B-0DD7-4AC2-9A98-73B8A8258A06}.Debug|Any CPU.Build.0 = Debug|Any CPU
		{0963CA1B-0DD7-4AC2-9A98-73B8A8258A06}.Release|Any CPU.ActiveCfg = Release|Any CPU
		{0963CA1B-0DD7-4AC2-9A98-73B8A8258A06}.Release|Any CPU.Build.0 = Release|Any CPU
		{E7595B6D-37F5-4B1F-B2B0-2CBF12EB872D}.Debug|Any CPU.ActiveCfg = Debug|Any CPU
		{E7595B6D-37F5-4B1F-B2B0-2CBF12EB872D}.Debug|Any CPU.Build.0 = Debug|Any CPU
		{E7595B6D-37F5-4B1F-B2B0-2CBF12EB872D}.Release|Any CPU.ActiveCfg = Release|Any CPU
		{E7595B6D-37F5-4B1F-B2B0-2CBF12EB872D}.Release|Any CPU.Build.0 = Release|Any CPU
		{D90D908B-BB94-45B2-B801-82F95C60337C}.Debug|Any CPU.ActiveCfg = Debug|Any CPU
		{D90D908B-BB94-45B2-B801-82F95C60337C}.Debug|Any CPU.Build.0 = Debug|Any CPU
		{D90D908B-BB94-45B2-B801-82F95C60337C}.Release|Any CPU.ActiveCfg = Release|Any CPU
		{D90D908B-BB94-45B2-B801-82F95C60337C}.Release|Any CPU.Build.0 = Release|Any CPU
		{BD8FEA20-8C4D-4645-BB28-8C80618FCD11}.Debug|Any CPU.ActiveCfg = Debug|Any CPU
		{BD8FEA20-8C4D-4645-BB28-8C80618FCD11}.Debug|Any CPU.Build.0 = Debug|Any CPU
		{BD8FEA20-8C4D-4645-BB28-8C80618FCD11}.Release|Any CPU.ActiveCfg = Release|Any CPU
		{BD8FEA20-8C4D-4645-BB28-8C80618FCD11}.Release|Any CPU.Build.0 = Release|Any CPU
		{F3654C22-82BB-4A84-B378-265103D44900}.Debug|Any CPU.ActiveCfg = Debug|Any CPU
		{F3654C22-82BB-4A84-B378-265103D44900}.Debug|Any CPU.Build.0 = Debug|Any CPU
		{F3654C22-82BB-4A84-B378-265103D44900}.Release|Any CPU.ActiveCfg = Release|Any CPU
		{F3654C22-82BB-4A84-B378-265103D44900}.Release|Any CPU.Build.0 = Release|Any CPU
		{EDB58091-8C6D-4835-9712-9B352CA22647}.Debug|Any CPU.ActiveCfg = Debug|Any CPU
		{EDB58091-8C6D-4835-9712-9B352CA22647}.Debug|Any CPU.Build.0 = Debug|Any CPU
		{EDB58091-8C6D-4835-9712-9B352CA22647}.Release|Any CPU.ActiveCfg = Release|Any CPU
		{EDB58091-8C6D-4835-9712-9B352CA22647}.Release|Any CPU.Build.0 = Release|Any CPU
		{DDCAC74D-C2F3-442D-940A-75FA7B81B328}.Debug|Any CPU.ActiveCfg = Debug|Any CPU
		{DDCAC74D-C2F3-442D-940A-75FA7B81B328}.Debug|Any CPU.Build.0 = Debug|Any CPU
		{DDCAC74D-C2F3-442D-940A-75FA7B81B328}.Release|Any CPU.ActiveCfg = Release|Any CPU
		{DDCAC74D-C2F3-442D-940A-75FA7B81B328}.Release|Any CPU.Build.0 = Release|Any CPU
		{0963CA1B-0DD7-4AC2-9A98-73B8A8258A07}.Debug|Any CPU.ActiveCfg = Debug|Any CPU
		{0963CA1B-0DD7-4AC2-9A98-73B8A8258A07}.Debug|Any CPU.Build.0 = Debug|Any CPU
		{0963CA1B-0DD7-4AC2-9A98-73B8A8258A07}.Release|Any CPU.ActiveCfg = Release|Any CPU
		{0963CA1B-0DD7-4AC2-9A98-73B8A8258A07}.Release|Any CPU.Build.0 = Release|Any CPU
		{E7595B6D-37F5-4B1F-B2B0-2CBF12EB872E}.Debug|Any CPU.ActiveCfg = Debug|Any CPU
		{E7595B6D-37F5-4B1F-B2B0-2CBF12EB872E}.Debug|Any CPU.Build.0 = Debug|Any CPU
		{E7595B6D-37F5-4B1F-B2B0-2CBF12EB872E}.Release|Any CPU.ActiveCfg = Release|Any CPU
		{E7595B6D-37F5-4B1F-B2B0-2CBF12EB872E}.Release|Any CPU.Build.0 = Release|Any CPU
		{D90D908B-BB94-45B2-B801-82F95C60337D}.Debug|Any CPU.ActiveCfg = Debug|Any CPU
		{D90D908B-BB94-45B2-B801-82F95C60337D}.Debug|Any CPU.Build.0 = Debug|Any CPU
		{D90D908B-BB94-45B2-B801-82F95C60337D}.Release|Any CPU.ActiveCfg = Release|Any CPU
		{D90D908B-BB94-45B2-B801-82F95C60337D}.Release|Any CPU.Build.0 = Release|Any CPU
		{BD8FEA20-8C4D-4645-BB28-8C80618FCD12}.Debug|Any CPU.ActiveCfg = Debug|Any CPU
		{BD8FEA20-8C4D-4645-BB28-8C80618FCD12}.Debug|Any CPU.Build.0 = Debug|Any CPU
		{BD8FEA20-8C4D-4645-BB28-8C80618FCD12}.Release|Any CPU.ActiveCfg = Release|Any CPU
		{BD8FEA20-8C4D-4645-BB28-8C80618FCD12}.Release|Any CPU.Build.0 = Release|Any CPU
		{F3654C22-82BB-4A84-B378-265103D44901}.Debug|Any CPU.ActiveCfg = Debug|Any CPU
		{F3654C22-82BB-4A84-B378-265103D44901}.Debug|Any CPU.Build.0 = Debug|Any CPU
		{F3654C22-82BB-4A84-B378-265103D44901}.Release|Any CPU.ActiveCfg = Release|Any CPU
		{F3654C22-82BB-4A84-B378-265103D44901}.Release|Any CPU.Build.0 = Release|Any CPU
		{EDB58091-8C6D-4835-9712-9B352CA22648}.Debug|Any CPU.ActiveCfg = Debug|Any CPU
		{EDB58091-8C6D-4835-9712-9B352CA22648}.Debug|Any CPU.Build.0 = Debug|Any CPU
		{EDB58091-8C6D-4835-9712-9B352CA22648}.Release|Any CPU.ActiveCfg = Release|Any CPU
		{EDB58091-8C6D-4835-9712-9B352CA22648}.Release|Any CPU.Build.0 = Release|Any CPU
		{DDCAC74D-C2F3-442D-940A-75FA7B81B329}.Debug|Any CPU.ActiveCfg = Debug|Any CPU
		{DDCAC74D-C2F3-442D-940A-75FA7B81B329}.Debug|Any CPU.Build.0 = Debug|Any CPU
		{DDCAC74D-C2F3-442D-940A-75FA7B81B329}.Release|Any CPU.ActiveCfg = Release|Any CPU
		{DDCAC74D-C2F3-442D-940A-75FA7B81B329}.Release|Any CPU.Build.0 = Release|Any CPU
		{510D84C0-F8F9-4D01-A82F-81F9EB7F961C}.Debug|Any CPU.ActiveCfg = Debug|Any CPU
		{510D84C0-F8F9-4D01-A82F-81F9EB7F961C}.Debug|Any CPU.Build.0 = Debug|Any CPU
		{510D84C0-F8F9-4D01-A82F-81F9EB7F961C}.Release|Any CPU.ActiveCfg = Release|Any CPU
		{510D84C0-F8F9-4D01-A82F-81F9EB7F961C}.Release|Any CPU.Build.0 = Release|Any CPU
		{1DA521CE-105D-4E38-BCEE-B8BE2886583C}.Debug|Any CPU.ActiveCfg = Debug|Any CPU
		{1DA521CE-105D-4E38-BCEE-B8BE2886583C}.Debug|Any CPU.Build.0 = Debug|Any CPU
		{1DA521CE-105D-4E38-BCEE-B8BE2886583C}.Release|Any CPU.ActiveCfg = Release|Any CPU
		{1DA521CE-105D-4E38-BCEE-B8BE2886583C}.Release|Any CPU.Build.0 = Release|Any CPU
	EndGlobalSection
	GlobalSection(SolutionProperties) = preSolution
		HideSolutionNode = FALSE
	EndGlobalSection
	GlobalSection(ExtensibilityGlobals) = postSolution
		SolutionGuid = {A6A036FC-0A83-4F0A-9212-5C19B2DE9750}
	EndGlobalSection
EndGlobal
